
Microsoft Visual Studio Solution File, Format Version 12.00
# Visual Studio Version 16
VisualStudioVersion = 16.0.32510.428
MinimumVisualStudioVersion = 10.0.40219.1
Project("{FAE04EC0-301F-11D3-BF4B-00C04F79EFBC}") = "Arbolus.API", "Arbolus.API\Arbolus.API.csproj", "{AE227EC3-9B60-4829-A3D9-91154F85DACC}"
EndProject
Project("{FAE04EC0-301F-11D3-BF4B-00C04F79EFBC}") = "Arbolus.Model", "Arbolus.Model\Arbolus.Model.csproj", "{26CC65EE-EA60-430D-A78D-05BDA4521934}"
EndProject
Project("{FAE04EC0-301F-11D3-BF4B-00C04F79EFBC}") = "Arbolus.Service", "Arbolus.Service\Arbolus.Service.csproj", "{43342580-5FAA-471C-AD2F-A3C2224E352B}"
EndProject
Project("{FAE04EC0-301F-11D3-BF4B-00C04F79EFBC}") = "Arbolus.Data", "Arbolus.Data\Arbolus.Data.csproj", "{E5DCCAE8-6634-4756-9FCD-896EC5BA4B4B}"
EndProject
Global
	GlobalSection(SolutionConfigurationPlatforms) = preSolution
		Debug|Any CPU = Debug|Any CPU
		Release|Any CPU = Release|Any CPU
	EndGlobalSection
	GlobalSection(ProjectConfigurationPlatforms) = postSolution
		{AE227EC3-9B60-4829-A3D9-91154F85DACC}.Debug|Any CPU.ActiveCfg = Debug|Any CPU
		{AE227EC3-9B60-4829-A3D9-91154F85DACC}.Debug|Any CPU.Build.0 = Debug|Any CPU
		{AE227EC3-9B60-4829-A3D9-91154F85DACC}.Release|Any CPU.ActiveCfg = Release|Any CPU
		{AE227EC3-9B60-4829-A3D9-91154F85DACC}.Release|Any CPU.Build.0 = Release|Any CPU
		{26CC65EE-EA60-430D-A78D-05BDA4521934}.Debug|Any CPU.ActiveCfg = Debug|Any CPU
		{26CC65EE-EA60-430D-A78D-05BDA4521934}.Debug|Any CPU.Build.0 = Debug|Any CPU
		{26CC65EE-EA60-430D-A78D-05BDA4521934}.Release|Any CPU.ActiveCfg = Release|Any CPU
		{26CC65EE-EA60-430D-A78D-05BDA4521934}.Release|Any CPU.Build.0 = Release|Any CPU
		{43342580-5FAA-471C-AD2F-A3C2224E352B}.Debug|Any CPU.ActiveCfg = Debug|Any CPU
		{43342580-5FAA-471C-AD2F-A3C2224E352B}.Debug|Any CPU.Build.0 = Debug|Any CPU
		{43342580-5FAA-471C-AD2F-A3C2224E352B}.Release|Any CPU.ActiveCfg = Release|Any CPU
		{43342580-5FAA-471C-AD2F-A3C2224E352B}.Release|Any CPU.Build.0 = Release|Any CPU
		{E5DCCAE8-6634-4756-9FCD-896EC5BA4B4B}.Debug|Any CPU.ActiveCfg = Debug|Any CPU
		{E5DCCAE8-6634-4756-9FCD-896EC5BA4B4B}.Debug|Any CPU.Build.0 = Debug|Any CPU
		{E5DCCAE8-6634-4756-9FCD-896EC5BA4B4B}.Release|Any CPU.ActiveCfg = Release|Any CPU
		{E5DCCAE8-6634-4756-9FCD-896EC5BA4B4B}.Release|Any CPU.Build.0 = Release|Any CPU
	EndGlobalSection
	GlobalSection(SolutionProperties) = preSolution
		HideSolutionNode = FALSE
	EndGlobalSection
	GlobalSection(ExtensibilityGlobals) = postSolution
		SolutionGuid = {BD946862-5D0F-4508-BAD3-32334EF81429}
	EndGlobalSection
EndGlobal
